
Microsoft Visual Studio Solution File, Format Version 12.00
# Visual Studio Version 17
VisualStudioVersion = 17.11.35222.181
MinimumVisualStudioVersion = 10.0.40219.1
Project("{FAE04EC0-301F-11D3-BF4B-00C04F79EFBC}") = "Ejercicio4", "Ejercicio4\Ejercicio4.csproj", "{3A978284-16A0-4924-A451-E2BD50635DDA}"
EndProject
Global
	GlobalSection(SolutionConfigurationPlatforms) = preSolution
		Debug|Any CPU = Debug|Any CPU
		Release|Any CPU = Release|Any CPU
	EndGlobalSection
	GlobalSection(ProjectConfigurationPlatforms) = postSolution
		{3A978284-16A0-4924-A451-E2BD50635DDA}.Debug|Any CPU.ActiveCfg = Debug|Any CPU
		{3A978284-16A0-4924-A451-E2BD50635DDA}.Debug|Any CPU.Build.0 = Debug|Any CPU
		{3A978284-16A0-4924-A451-E2BD50635DDA}.Release|Any CPU.ActiveCfg = Release|Any CPU
		{3A978284-16A0-4924-A451-E2BD50635DDA}.Release|Any CPU.Build.0 = Release|Any CPU
	EndGlobalSection
	GlobalSection(SolutionProperties) = preSolution
		HideSolutionNode = FALSE
	EndGlobalSection
	GlobalSection(ExtensibilityGlobals) = postSolution
		SolutionGuid = {D34270A9-46FD-4E85-A6C3-72DB60F2CFB4}
	EndGlobalSection
EndGlobal
